PODS:
  - AFNetworking (3.1.0):
    - AFNetworking/NSURLSession (= 3.1.0)
    - AFNetworking/Reachability (= 3.1.0)
    - AFNetworking/Security (= 3.1.0)
    - AFNetworking/Serialization (= 3.1.0)
    - AFNetworking/UIKit (= 3.1.0)
  - AFNetworking/NSURLSession (3.1.0):
    - AFNetworking/Reachability
    - AFNetworking/Security
    - AFNetworking/Serialization
  - AFNetworking/Reachability (3.1.0)
  - AFNetworking/Security (3.1.0)
  - AFNetworking/Serialization (3.1.0)
  - AFNetworking/UIKit (3.1.0):
    - AFNetworking/NSURLSession
  - Alamofire (4.5.1)
  - AlgoliaSearch-Client-Swift (4.8.1)
  - Firebase (4.2.0):
    - Firebase/Core (= 4.2.0)
  - Firebase/Core (4.2.0):
    - FirebaseAnalytics (= 4.0.3)
    - FirebaseCore (= 4.0.7)
  - Firebase/Database (4.2.0):
    - Firebase/Core
    - FirebaseDatabase (= 4.0.3)
  - FirebaseAnalytics (4.0.3):
    - FirebaseCore (~> 4.0)
    - FirebaseInstanceID (~> 2.0)
    - GoogleToolboxForMac/NSData+zlib (~> 2.1)
    - nanopb (~> 0.3)
  - FirebaseCore (4.0.7):
    - GoogleToolboxForMac/NSData+zlib (~> 2.1)
    - nanopb (~> 0.3)
  - FirebaseDatabase (4.0.3):
    - FirebaseAnalytics (~> 4.0)
    - FirebaseCore (~> 4.0)
    - leveldb-library (~> 1.18)
  - FirebaseInstanceID (2.0.3)
  - GoogleToolboxForMac/Defines (2.1.1)
  - GoogleToolboxForMac/NSData+zlib (2.1.1):
    - GoogleToolboxForMac/Defines (= 2.1.1)
  - InstantSearch-Core-Swift (2.0.0):
    - AlgoliaSearch-Client-Swift (~> 4.0)
  - InstantSearch-iOS (1.0.0):
    - InstantSearch-iOS/InstantSearch-iOS (= 1.0.0)
  - InstantSearch-iOS/InstantSearch-iOS (1.0.0):
    - InstantSearch-Core-Swift (~> 2.0.0)
  - leveldb-library (1.18.3)
  - nanopb (0.3.8):
    - nanopb/decode (= 0.3.8)
    - nanopb/encode (= 0.3.8)
  - nanopb/decode (0.3.8)
  - nanopb/encode (0.3.8)
  - XLPagerTabStrip (5.0.0)

DEPENDENCIES:
  - AFNetworking (~> 3.0)
  - Alamofire (~> 4.4)
  - Firebase
  - Firebase/Core
  - Firebase/Database
  - InstantSearch-iOS (~> 1.0.0)
  - XLPagerTabStrip (from `https://github.com/KelvinJin/XLPagerTabStrip`, branch `swift3`)

EXTERNAL SOURCES:
  XLPagerTabStrip:
    :branch: swift3
    :git: https://github.com/KelvinJin/XLPagerTabStrip

CHECKOUT OPTIONS:
  XLPagerTabStrip:
    :commit: 99e3cbd5e6b99bb6b1fdf25f4af58fe2e38ad308
    :git: https://github.com/KelvinJin/XLPagerTabStrip

SPEC CHECKSUMS:
  AFNetworking: 5e0e199f73d8626b11e79750991f5d173d1f8b67
  Alamofire: 2d95912bf4c34f164fdfc335872e8c312acaea4a
  AlgoliaSearch-Client-Swift: 5bdfbc8727f203773245e2410edd7a9c8e831637
  Firebase: 9548cae14d69718add12d75a5b312893f7ef89c7
  FirebaseAnalytics: 76f754d37ca5b04f36856729b6af3ca0152d1069
  FirebaseCore: 9a6cc1e3eaf75905390f9220596ad4fd8f92faee
  FirebaseDatabase: 03940adcac54ce30db06f1fc2136f8581734ce2c
  FirebaseInstanceID: a4fc702b5a026f7322964376047f1a3f1f7cc6ff
  GoogleToolboxForMac: 8e329f1b599f2512c6b10676d45736bcc2cbbeb0
  InstantSearch-Core-Swift: 456199cd7887c9d66d11668a12d899235a61b9d4
  InstantSearch-iOS: c9484cee0fb79ab80538562cd7c365264a3dcac6
  leveldb-library: 10fb39c39e243db4af1828441162405bbcec1404
  nanopb: 5601e6bca2dbf1ed831b519092ec110f66982ca3
  XLPagerTabStrip: 87b8b705f9a7178e76a063ffaa2d70045944a965

PODFILE CHECKSUM: a53fb343d9fdeb66b75d84b81d6d2447d8f7350b

COCOAPODS: 1.3.1
